<?xml version="1.0" encoding="utf-8"?>
<Project ToolsVersion="4.0" xmlns="http://schemas.microsoft.com/developer/msbuild/2003">
  <ItemGroup>
    <Filter Include="Source Files">
      <UniqueIdentifier>{4FC737F1-C7A5-4376-A066-2A32D752A2FF}</UniqueIdentifier>
      <Extensions>cpp;c;cc;cxx;def;odl;idl;hpj;bat;asm;asmx</Extensions>
    </Filter>
    <Filter Include="Header Files">
      <UniqueIdentifier>{93995380-89BD-4b04-88EB-625FBE52EBFB}</UniqueIdentifier>
      <Extensions>h;hh;hpp;hxx;hm;inl;inc;xsd</Extensions>
    </Filter>
    <Filter Include="Resource Files">
      <UniqueIdentifier>{67DA6AB6-F800-4c08-8B7A-83BB121AAD01}</UniqueIdentifier>
      <Extensions>rc;ico;cur;bmp;dlg;rc2;rct;bin;rgs;gif;jpg;jpeg;jpe;resx;tiff;tif;png;wav</Extensions>
    </Filter>
  </ItemGroup>
  <ItemGroup>
    <ClCompile Include="fs\bitmap.c">
      <Filter>Source Files</Filter>
    </ClCompile>
    <ClCompile Include="fs\block_dev.c">
      <Filter>Source Files</Filter>
    </ClCompile>
    <ClCompile Include="fs\buffer.c">
      <Filter>Source Files</Filter>
    </ClCompile>
    <ClCompile Include="fs\char_dev.c">
      <Filter>Source Files</Filter>
    </ClCompile>
    <ClCompile Include="fs\exec.c">
      <Filter>Source Files</Filter>
    </ClCompile>
    <ClCompile Include="fs\fcntl.c">
      <Filter>Source Files</Filter>
    </ClCompile>
    <ClCompile Include="fs\file_dev.c">
      <Filter>Source Files</Filter>
    </ClCompile>
    <ClCompile Include="fs\file_table.c">
      <Filter>Source Files</Filter>
    </ClCompile>
    <ClCompile Include="fs\inode.c">
      <Filter>Source Files</Filter>
    </ClCompile>
    <ClCompile Include="fs\ioctl.c">
      <Filter>Source Files</Filter>
    </ClCompile>
    <ClCompile Include="fs\namei.c">
      <Filter>Source Files</Filter>
    </ClCompile>
    <ClCompile Include="fs\open.c">
      <Filter>Source Files</Filter>
    </ClCompile>
    <ClCompile Include="fs\pipe.c">
      <Filter>Source Files</Filter>
    </ClCompile>
    <ClCompile Include="fs\read_write.c">
      <Filter>Source Files</Filter>
    </ClCompile>
    <ClCompile Include="fs\stat.c">
      <Filter>Source Files</Filter>
    </ClCompile>
    <ClCompile Include="fs\super.c">
      <Filter>Source Files</Filter>
    </ClCompile>
    <ClCompile Include="fs\truncate.c">
      <Filter>Source Files</Filter>
    </ClCompile>
    <ClCompile Include="init\main.c">
      <Filter>Source Files</Filter>
    </ClCompile>
    <ClCompile Include="kernel\exit.c">
      <Filter>Source Files</Filter>
    </ClCompile>
    <ClCompile Include="kernel\fork.c">
      <Filter>Source Files</Filter>
    </ClCompile>
    <ClCompile Include="kernel\mktime.c">
      <Filter>Source Files</Filter>
    </ClCompile>
    <ClCompile Include="kernel\panic.c">
      <Filter>Source Files</Filter>
    </ClCompile>
    <ClCompile Include="kernel\printk.c">
      <Filter>Source Files</Filter>
    </ClCompile>
    <ClCompile Include="kernel\sched.c">
      <Filter>Source Files</Filter>
    </ClCompile>
    <ClCompile Include="kernel\signal.c">
      <Filter>Source Files</Filter>
    </ClCompile>
    <ClCompile Include="kernel\sys.c">
      <Filter>Source Files</Filter>
    </ClCompile>
    <ClCompile Include="kernel\traps.c">
      <Filter>Source Files</Filter>
    </ClCompile>
    <ClCompile Include="kernel\vsprintf.c">
      <Filter>Source Files</Filter>
    </ClCompile>
    <ClCompile Include="kernel\blk_drv\floppy.c">
      <Filter>Source Files</Filter>
    </ClCompile>
    <ClCompile Include="kernel\blk_drv\hd.c">
      <Filter>Source Files</Filter>
    </ClCompile>
    <ClCompile Include="kernel\blk_drv\ll_rw_blk.c">
      <Filter>Source Files</Filter>
    </ClCompile>
    <ClCompile Include="kernel\blk_drv\ramdisk.c">
      <Filter>Source Files</Filter>
    </ClCompile>
    <ClCompile Include="kernel\chr_drv\console.c">
      <Filter>Source Files</Filter>
    </ClCompile>
    <ClCompile Include="kernel\chr_drv\serial.c">
      <Filter>Source Files</Filter>
    </ClCompile>
    <ClCompile Include="kernel\chr_drv\tty_io.c">
      <Filter>Source Files</Filter>
    </ClCompile>
    <ClCompile Include="kernel\chr_drv\tty_ioctl.c">
      <Filter>Source Files</Filter>
    </ClCompile>
    <ClCompile Include="kernel\math\math_emulate.c">
      <Filter>Source Files</Filter>
    </ClCompile>
    <ClCompile Include="lib\close.c">
      <Filter>Source Files</Filter>
    </ClCompile>
    <ClCompile Include="lib\ctype.c">
      <Filter>Source Files</Filter>
    </ClCompile>
    <ClCompile Include="lib\dup.c">
      <Filter>Source Files</Filter>
    </ClCompile>
    <ClCompile Include="lib\errno.c">
      <Filter>Source Files</Filter>
    </ClCompile>
    <ClCompile Include="lib\execve.c">
      <Filter>Source Files</Filter>
    </ClCompile>
    <ClCompile Include="lib\malloc.c">
      <Filter>Source Files</Filter>
    </ClCompile>
    <ClCompile Include="lib\open.c">
      <Filter>Source Files</Filter>
    </ClCompile>
    <ClCompile Include="lib\setsid.c">
      <Filter>Source Files</Filter>
    </ClCompile>
    <ClCompile Include="lib\string.c">
      <Filter>Source Files</Filter>
    </ClCompile>
    <ClCompile Include="lib\wait.c">
      <Filter>Source Files</Filter>
    </ClCompile>
    <ClCompile Include="lib\write.c">
      <Filter>Source Files</Filter>
    </ClCompile>
    <ClCompile Include="lib\_exit.c">
      <Filter>Source Files</Filter>
    </ClCompile>
    <ClCompile Include="mm\memory.c">
      <Filter>Source Files</Filter>
    </ClCompile>
    <ClCompile Include="tools\build.c">
      <Filter>Source Files</Filter>
    </ClCompile>
  </ItemGroup>
  <ItemGroup>
    <ClInclude Include="include\a.out.h">
      <Filter>Header Files</Filter>
    </ClInclude>
    <ClInclude Include="include\const.h">
      <Filter>Header Files</Filter>
    </ClInclude>
    <ClInclude Include="include\ctype.h">
      <Filter>Header Files</Filter>
    </ClInclude>
    <ClInclude Include="include\errno.h">
      <Filter>Header Files</Filter>
    </ClInclude>
    <ClInclude Include="include\fcntl.h">
      <Filter>Header Files</Filter>
    </ClInclude>
    <ClInclude Include="include\signal.h">
      <Filter>Header Files</Filter>
    </ClInclude>
    <ClInclude Include="include\stdarg.h">
      <Filter>Header Files</Filter>
    </ClInclude>
    <ClInclude Include="include\stddef.h">
      <Filter>Header Files</Filter>
    </ClInclude>
    <ClInclude Include="include\string.h">
      <Filter>Header Files</Filter>
    </ClInclude>
    <ClInclude Include="include\termios.h">
      <Filter>Header Files</Filter>
    </ClInclude>
    <ClInclude Include="include\time.h">
      <Filter>Header Files</Filter>
    </ClInclude>
    <ClInclude Include="include\unistd.h">
      <Filter>Header Files</Filter>
    </ClInclude>
    <ClInclude Include="include\utime.h">
      <Filter>Header Files</Filter>
    </ClInclude>
    <ClInclude Include="include\asm\io.h">
      <Filter>Header Files</Filter>
    </ClInclude>
    <ClInclude Include="include\asm\memory.h">
      <Filter>Header Files</Filter>
    </ClInclude>
    <ClInclude Include="include\asm\segment.h">
      <Filter>Header Files</Filter>
    </ClInclude>
    <ClInclude Include="include\asm\system.h">
      <Filter>Header Files</Filter>
    </ClInclude>
    <ClInclude Include="include\linux\config.h">
      <Filter>Header Files</Filter>
    </ClInclude>
    <ClInclude Include="include\linux\fdreg.h">
      <Filter>Header Files</Filter>
    </ClInclude>
    <ClInclude Include="include\linux\fs.h">
      <Filter>Header Files</Filter>
    </ClInclude>
    <ClInclude Include="include\linux\hdreg.h">
      <Filter>Header Files</Filter>
    </ClInclude>
    <ClInclude Include="include\linux\head.h">
      <Filter>Header Files</Filter>
    </ClInclude>
    <ClInclude Include="include\linux\kernel.h">
      <Filter>Header Files</Filter>
    </ClInclude>
    <ClInclude Include="include\linux\mm.h">
      <Filter>Header Files</Filter>
    </ClInclude>
    <ClInclude Include="include\linux\sched.h">
      <Filter>Header Files</Filter>
    </ClInclude>
    <ClInclude Include="include\linux\sys.h">
      <Filter>Header Files</Filter>
    </ClInclude>
    <ClInclude Include="include\linux\tty.h">
      <Filter>Header Files</Filter>
    </ClInclude>
    <ClInclude Include="include\sys\stat.h">
      <Filter>Header Files</Filter>
    </ClInclude>
    <ClInclude Include="include\sys\times.h">
      <Filter>Header Files</Filter>
    </ClInclude>
    <ClInclude Include="include\sys\types.h">
      <Filter>Header Files</Filter>
    </ClInclude>
    <ClInclude Include="include\sys\utsname.h">
      <Filter>Header Files</Filter>
    </ClInclude>
    <ClInclude Include="include\sys\wait.h">
      <Filter>Header Files</Filter>
    </ClInclude>
    <ClInclude Include="kernel\blk_drv\blk.h">
      <Filter>Header Files</Filter>
    </ClInclude>
  </ItemGroup>
  <ItemGroup>
    <None Include="Makefile" />
    <None Include="boot\bootsect.s" />
    <None Include="boot\head.s" />
    <None Include="boot\setup.s" />
    <None Include="fs\Makefile" />
    <None Include="kernel\asm.s" />
    <None Include="kernel\system_call.s" />
    <None Include="kernel\Makefile" />
    <None Include="kernel\blk_drv\Makefile" />
    <None Include="kernel\chr_drv\keyboard.s" />
    <None Include="kernel\chr_drv\rs_io.s" />
    <None Include="kernel\chr_drv\Makefile" />
    <None Include="kernel\math\Makefile" />
    <None Include="lib\Makefile" />
    <None Include="mm\page.s" />
    <None Include="mm\Makefile" />
  </ItemGroup>
</Project>